// !$*UTF8*$!
{
	archiveVersion = 1;
	classes = {
	};
	objectVersion = 46;
	objects = {

/* Begin PBXBuildFile section */
		42AFD5061AA8AD8A003E2344 /* AMBorderSelectableRow.m in Sources */ = {isa = PBXBuildFile; fileRef = 42AFD5051AA8AD8A003E2344 /* AMBorderSelectableRow.m */; };
		42F0EE571A72711A006509C4 /* AppDelegate.m in Sources */ = {isa = PBXBuildFile; fileRef = 42F0EE561A72711A006509C4 /* AppDelegate.m */; };
		42F0EE591A72711A006509C4 /* main.m in Sources */ = {isa = PBXBuildFile; fileRef = 42F0EE581A72711A006509C4 /* main.m */; };
		42F0EE5C1A72711A006509C4 /* ViewController.m in Sources */ = {isa = PBXBuildFile; fileRef = 42F0EE5B1A72711A006509C4 /* ViewController.m */; };
		42F0EE5E1A72711A006509C4 /* Images.xcassets in Resources */ = {isa = PBXBuildFile; fileRef = 42F0EE5D1A72711A006509C4 /* Images.xcassets */; };
		42F0EE611A72711A006509C4 /* Main.storyboard in Resources */ = {isa = PBXBuildFile; fileRef = 42F0EE5F1A72711A006509C4 /* Main.storyboard */; };
		42F0EE6D1A72711A006509C4 /* AMColorButtonTests.m in Sources */ = {isa = PBXBuildFile; fileRef = 42F0EE6C1A72711A006509C4 /* AMColorButtonTests.m */; };
		42F192AE1A7B721800E93262 /* AMDashBorderedView.m in Sources */ = {isa = PBXBuildFile; fileRef = 42F192AD1A7B721800E93262 /* AMDashBorderedView.m */; };
		42F192B31A7B726C00E93262 /* AMDragButton.m in Sources */ = {isa = PBXBuildFile; fileRef = 42F192B21A7B726C00E93262 /* AMDragButton.m */; };
		42F192B61A7BA74000E93262 /* AMMoveButtonTests.m in Sources */ = {isa = PBXBuildFile; fileRef = 42F192B51A7BA74000E93262 /* AMMoveButtonTests.m */; };
		42F321E21A81184300F6DC54 /* CustomWindowController.m in Sources */ = {isa = PBXBuildFile; fileRef = 42F321E11A81184300F6DC54 /* CustomWindowController.m */; };
		42F321E61A81186A00F6DC54 /* AMTitleBarViewController.m in Sources */ = {isa = PBXBuildFile; fileRef = 42F321E41A81186A00F6DC54 /* AMTitleBarViewController.m */; };
		42F321E71A81186A00F6DC54 /* AMTitleBarViewController.xib in Resources */ = {isa = PBXBuildFile; fileRef = 42F321E51A81186A00F6DC54 /* AMTitleBarViewController.xib */; };
		42FB1DAD1A7A7EE1009CA1E3 /* AMColorButton.m in Sources */ = {isa = PBXBuildFile; fileRef = 42FB1DAA1A7A7EE1009CA1E3 /* AMColorButton.m */; };
		42FEDC2B1A8B4F1A00DF3491 /* AMTableViewCell.xib in Resources */ = {isa = PBXBuildFile; fileRef = 42FEDC2A1A8B4F1A00DF3491 /* AMTableViewCell.xib */; };
		42FEDC2D1A8B8C2000DF3491 /* AMTableRowView.xib in Resources */ = {isa = PBXBuildFile; fileRef = 42FEDC2C1A8B8C2000DF3491 /* AMTableRowView.xib */; };
		42FEDC311A8B925100DF3491 /* AMTableCellView.m in Sources */ = {isa = PBXBuildFile; fileRef = 42FEDC2F1A8B925100DF3491 /* AMTableCellView.m */; };
		42FEDC391A8BA60300DF3491 /* AMTableRowView.m in Sources */ = {isa = PBXBuildFile; fileRef = 42FEDC381A8BA60300DF3491 /* AMTableRowView.m */; };
		6F0183B01A823993005772D8 /* AMColorLine.m in Sources */ = {isa = PBXBuildFile; fileRef = 6F0183AF1A823993005772D8 /* AMColorLine.m */; };
/* End PBXBuildFile section */

/* Begin PBXContainerItemProxy section */
		42F0EE671A72711A006509C4 /* PBXContainerItemProxy */ = {
			isa = PBXContainerItemProxy;
			containerPortal = 42F0EE481A72711A006509C4 /* Project object */;
			proxyType = 1;
			remoteGlobalIDString = 42F0EE4F1A72711A006509C4;
			remoteInfo = AMColorButton;
		};
/* End PBXContainerItemProxy section */

/* Begin PBXFileReference section */
		42AFD5041AA8AD8A003E2344 /* AMBorderSelectableRow.h */ = {isa = PBXFileReference; fileEncoding = 4; lastKnownFileType = sourcecode.c.h; path = AMBorderSelectableRow.h; sourceTree = "<group>"; };
		42AFD5051AA8AD8A003E2344 /* AMBorderSelectableRow.m */ = {isa = PBXFileReference; fileEncoding = 4; lastKnownFileType = sourcecode.c.objc; path = AMBorderSelectableRow.m; sourceTree = "<group>"; };
		42F0EE501A72711A006509C4 /* AMColorButton.app */ = {isa = PBXFileReference; explicitFileType = wrapper.application; includeInIndex = 0; path = AMColorButton.app; sourceTree = BUILT_PRODUCTS_DIR; };
		42F0EE541A72711A006509C4 /* Info.plist */ = {isa = PBXFileReference; lastKnownFileType = text.plist.xml; path = Info.plist; sourceTree = "<group>"; };
		42F0EE551A72711A006509C4 /* AppDelegate.h */ = {isa = PBXFileReference; lastKnownFileType = sourcecode.c.h; path = AppDelegate.h; sourceTree = "<group>"; };
		42F0EE561A72711A006509C4 /* AppDelegate.m */ = {isa = PBXFileReference; lastKnownFileType = sourcecode.c.objc; path = AppDelegate.m; sourceTree = "<group>"; };
		42F0EE581A72711A006509C4 /* main.m */ = {isa = PBXFileReference; lastKnownFileType = sourcecode.c.objc; path = main.m; sourceTree = "<group>"; };
		42F0EE5A1A72711A006509C4 /* ViewController.h */ = {isa = PBXFileReference; lastKnownFileType = sourcecode.c.h; path = ViewController.h; sourceTree = "<group>"; };
		42F0EE5B1A72711A006509C4 /* ViewController.m */ = {isa = PBXFileReference; lastKnownFileType = sourcecode.c.objc; path = ViewController.m; sourceTree = "<group>"; };
		42F0EE5D1A72711A006509C4 /* Images.xcassets */ = {isa = PBXFileReference; lastKnownFileType = folder.assetcatalog; path = Images.xcassets; sourceTree = "<group>"; };
		42F0EE601A72711A006509C4 /* Base */ = {isa = PBXFileReference; lastKnownFileType = file.storyboard; name = Base; path = Base.lproj/Main.storyboard; sourceTree = "<group>"; };
		42F0EE661A72711A006509C4 /* AMColorButtonTests.xctest */ = {isa = PBXFileReference; explicitFileType = wrapper.cfbundle; includeInIndex = 0; path = AMColorButtonTests.xctest; sourceTree = BUILT_PRODUCTS_DIR; };
		42F0EE6B1A72711A006509C4 /* Info.plist */ = {isa = PBXFileReference; lastKnownFileType = text.plist.xml; path = Info.plist; sourceTree = "<group>"; };
		42F0EE6C1A72711A006509C4 /* AMColorButtonTests.m */ = {isa = PBXFileReference; lastKnownFileType = sourcecode.c.objc; path = AMColorButtonTests.m; sourceTree = "<group>"; };
		42F192AD1A7B721800E93262 /* AMDashBorderedView.m */ = {isa = PBXFileReference; fileEncoding = 4; lastKnownFileType = sourcecode.c.objc; name = AMDashBorderedView.m; path = AMColorButton/Classes/AMDashBorderedView.m; sourceTree = SOURCE_ROOT; };
		42F192AF1A7B722400E93262 /* AMDashBorderedView.h */ = {isa = PBXFileReference; fileEncoding = 4; lastKnownFileType = sourcecode.c.h; name = AMDashBorderedView.h; path = AMColorButton/Classes/AMDashBorderedView.h; sourceTree = SOURCE_ROOT; };
		42F192B11A7B726C00E93262 /* AMDragButton.h */ = {isa = PBXFileReference; fileEncoding = 4; lastKnownFileType = sourcecode.c.h; name = AMDragButton.h; path = Classes/AMDragButton.h; sourceTree = "<group>"; };
		42F192B21A7B726C00E93262 /* AMDragButton.m */ = {isa = PBXFileReference; fileEncoding = 4; lastKnownFileType = sourcecode.c.objc; name = AMDragButton.m; path = Classes/AMDragButton.m; sourceTree = "<group>"; };
		42F192B51A7BA74000E93262 /* AMMoveButtonTests.m */ = {isa = PBXFileReference; fileEncoding = 4; lastKnownFileType = sourcecode.c.objc; path = AMMoveButtonTests.m; sourceTree = "<group>"; };
		42F321E01A81184300F6DC54 /* CustomWindowController.h */ = {isa = PBXFileReference; fileEncoding = 4; lastKnownFileType = sourcecode.c.h; path = CustomWindowController.h; sourceTree = "<group>"; };
		42F321E11A81184300F6DC54 /* CustomWindowController.m */ = {isa = PBXFileReference; fileEncoding = 4; lastKnownFileType = sourcecode.c.objc; path = CustomWindowController.m; sourceTree = "<group>"; };
		42F321E31A81186A00F6DC54 /* AMTitleBarViewController.h */ = {isa = PBXFileReference; fileEncoding = 4; lastKnownFileType = sourcecode.c.h; path = AMTitleBarViewController.h; sourceTree = "<group>"; };
		42F321E41A81186A00F6DC54 /* AMTitleBarViewController.m */ = {isa = PBXFileReference; fileEncoding = 4; lastKnownFileType = sourcecode.c.objc; path = AMTitleBarViewController.m; sourceTree = "<group>"; };
		42F321E51A81186A00F6DC54 /* AMTitleBarViewController.xib */ = {isa = PBXFileReference; fileEncoding = 4; lastKnownFileType = file.xib; path = AMTitleBarViewController.xib; sourceTree = "<group>"; };
		42FB1DA91A7A7EE1009CA1E3 /* AMColorButton.h */ = {isa = PBXFileReference; fileEncoding = 4; lastKnownFileType = sourcecode.c.h; name = AMColorButton.h; path = Classes/AMColorButton.h; sourceTree = "<group>"; };
		42FB1DAA1A7A7EE1009CA1E3 /* AMColorButton.m */ = {isa = PBXFileReference; fileEncoding = 4; lastKnownFileType = sourcecode.c.objc; name = AMColorButton.m; path = Classes/AMColorButton.m; sourceTree = "<group>"; };
		42FEDC2A1A8B4F1A00DF3491 /* AMTableViewCell.xib */ = {isa = PBXFileReference; fileEncoding = 4; lastKnownFileType = file.xib; path = AMTableViewCell.xib; sourceTree = "<group>"; };
		42FEDC2C1A8B8C2000DF3491 /* AMTableRowView.xib */ = {isa = PBXFileReference; fileEncoding = 4; lastKnownFileType = file.xib; path = AMTableRowView.xib; sourceTree = "<group>"; };
		42FEDC2E1A8B925100DF3491 /* AMTableCellView.h */ = {isa = PBXFileReference; fileEncoding = 4; lastKnownFileType = sourcecode.c.h; name = AMTableCellView.h; path = Classes/AMTableCellView.h; sourceTree = "<group>"; };
		42FEDC2F1A8B925100DF3491 /* AMTableCellView.m */ = {isa = PBXFileReference; fileEncoding = 4; lastKnownFileType = sourcecode.c.objc; name = AMTableCellView.m; path = Classes/AMTableCellView.m; sourceTree = "<group>"; };
		42FEDC371A8BA60300DF3491 /* AMTableRowView.h */ = {isa = PBXFileReference; fileEncoding = 4; lastKnownFileType = sourcecode.c.h; name = AMTableRowView.h; path = Classes/AMTableRowView.h; sourceTree = "<group>"; };
		42FEDC381A8BA60300DF3491 /* AMTableRowView.m */ = {isa = PBXFileReference; fileEncoding = 4; lastKnownFileType = sourcecode.c.objc; name = AMTableRowView.m; path = Classes/AMTableRowView.m; sourceTree = "<group>"; };
		6F0183AE1A823993005772D8 /* AMColorLine.h */ = {isa = PBXFileReference; fileEncoding = 4; lastKnownFileType = sourcecode.c.h; name = AMColorLine.h; path = Classes/AMColorLine.h; sourceTree = "<group>"; };
		6F0183AF1A823993005772D8 /* AMColorLine.m */ = {isa = PBXFileReference; fileEncoding = 4; lastKnownFileType = sourcecode.c.objc; name = AMColorLine.m; path = Classes/AMColorLine.m; sourceTree = "<group>"; };
/* End PBXFileReference section */

/* Begin PBXFrameworksBuildPhase section */
		42F0EE4D1A72711A006509C4 /* Frameworks */ = {
			isa = PBXFrameworksBuildPhase;
			buildActionMask = 2147483647;
			files = (
			);
			runOnlyForDeploymentPostprocessing = 0;
		};
		42F0EE631A72711A006509C4 /* Frameworks */ = {
			isa = PBXFrameworksBuildPhase;
			buildActionMask = 2147483647;
			files = (
			);
			runOnlyForDeploymentPostprocessing = 0;
		};
/* End PBXFrameworksBuildPhase section */

/* Begin PBXGroup section */
		42F0EE471A72711A006509C4 = {
			isa = PBXGroup;
			children = (
				42F0EE521A72711A006509C4 /* AMColorButton */,
				42F0EE691A72711A006509C4 /* AMColorButtonTests */,
				42F0EE511A72711A006509C4 /* Products */,
			);
			sourceTree = "<group>";
		};
		42F0EE511A72711A006509C4 /* Products */ = {
			isa = PBXGroup;
			children = (
				42F0EE501A72711A006509C4 /* AMColorButton.app */,
				42F0EE661A72711A006509C4 /* AMColorButtonTests.xctest */,
			);
			name = Products;
			sourceTree = "<group>";
		};
		42F0EE521A72711A006509C4 /* AMColorButton */ = {
			isa = PBXGroup;
			children = (
				42FEDC331A8B926600DF3491 /* TableViews */,
				6F0183AA1A823878005772D8 /* AMColorLine */,
				42F192B41A7B727600E93262 /* AMMoveButton */,
				42FB1DA51A7A595C009CA1E3 /* AMDashBorderedView */,
				42F0EE791A727199006509C4 /* AMColorButton */,
				42F0EE551A72711A006509C4 /* AppDelegate.h */,
				42F0EE561A72711A006509C4 /* AppDelegate.m */,
				42F321E01A81184300F6DC54 /* CustomWindowController.h */,
				42F321E11A81184300F6DC54 /* CustomWindowController.m */,
				42F321E31A81186A00F6DC54 /* AMTitleBarViewController.h */,
				42F321E41A81186A00F6DC54 /* AMTitleBarViewController.m */,
				42F321E51A81186A00F6DC54 /* AMTitleBarViewController.xib */,
				42F0EE5A1A72711A006509C4 /* ViewController.h */,
				42F0EE5B1A72711A006509C4 /* ViewController.m */,
				42F0EE5D1A72711A006509C4 /* Images.xcassets */,
				42F0EE5F1A72711A006509C4 /* Main.storyboard */,
				42FEDC2A1A8B4F1A00DF3491 /* AMTableViewCell.xib */,
				42FEDC2C1A8B8C2000DF3491 /* AMTableRowView.xib */,
				42F0EE531A72711A006509C4 /* Supporting Files */,
			);
			path = AMColorButton;
			sourceTree = "<group>";
		};
		42F0EE531A72711A006509C4 /* Supporting Files */ = {
			isa = PBXGroup;
			children = (
				42F0EE541A72711A006509C4 /* Info.plist */,
				42F0EE581A72711A006509C4 /* main.m */,
			);
			name = "Supporting Files";
			sourceTree = "<group>";
		};
		42F0EE691A72711A006509C4 /* AMColorButtonTests */ = {
			isa = PBXGroup;
			children = (
				42F0EE6C1A72711A006509C4 /* AMColorButtonTests.m */,
				42F192B51A7BA74000E93262 /* AMMoveButtonTests.m */,
				42F0EE6A1A72711A006509C4 /* Supporting Files */,
			);
			path = AMColorButtonTests;
			sourceTree = "<group>";
		};
		42F0EE6A1A72711A006509C4 /* Supporting Files */ = {
			isa = PBXGroup;
			children = (
				42F0EE6B1A72711A006509C4 /* Info.plist */,
			);
			name = "Supporting Files";
			sourceTree = "<group>";
		};
		42F0EE791A727199006509C4 /* AMColorButton */ = {
			isa = PBXGroup;
			children = (
				42FB1DA91A7A7EE1009CA1E3 /* AMColorButton.h */,
				42FB1DAA1A7A7EE1009CA1E3 /* AMColorButton.m */,
			);
			name = AMColorButton;
			sourceTree = "<group>";
		};
		42F192B41A7B727600E93262 /* AMMoveButton */ = {
			isa = PBXGroup;
			children = (
				42F192B11A7B726C00E93262 /* AMDragButton.h */,
				42F192B21A7B726C00E93262 /* AMDragButton.m */,
			);
			name = AMMoveButton;
			sourceTree = "<group>";
		};
		42FB1DA51A7A595C009CA1E3 /* AMDashBorderedView */ = {
			isa = PBXGroup;
			children = (
				42F192AF1A7B722400E93262 /* AMDashBorderedView.h */,
				42F192AD1A7B721800E93262 /* AMDashBorderedView.m */,
			);
			path = AMDashBorderedView;
			sourceTree = "<group>";
		};
		42FEDC331A8B926600DF3491 /* TableViews */ = {
			isa = PBXGroup;
			children = (
				42FEDC2E1A8B925100DF3491 /* AMTableCellView.h */,
				42FEDC2F1A8B925100DF3491 /* AMTableCellView.m */,
				42FEDC371A8BA60300DF3491 /* AMTableRowView.h */,
				42FEDC381A8BA60300DF3491 /* AMTableRowView.m */,
				42AFD5041AA8AD8A003E2344 /* AMBorderSelectableRow.h */,
				42AFD5051AA8AD8A003E2344 /* AMBorderSelectableRow.m */,
			);
			name = TableViews;
			sourceTree = "<group>";
		};
		6F0183AA1A823878005772D8 /* AMColorLine */ = {
			isa = PBXGroup;
			children = (
				6F0183AE1A823993005772D8 /* AMColorLine.h */,
				6F0183AF1A823993005772D8 /* AMColorLine.m */,
			);
			name = AMColorLine;
			sourceTree = "<group>";
		};
/* End PBXGroup section */

/* Begin PBXNativeTarget section */
		42F0EE4F1A72711A006509C4 /* AMColorButton */ = {
			isa = PBXNativeTarget;
			buildConfigurationList = 42F0EE701A72711A006509C4 /* Build configuration list for PBXNativeTarget "AMColorButton" */;
			buildPhases = (
				42F0EE4C1A72711A006509C4 /* Sources */,
				42F0EE4D1A72711A006509C4 /* Frameworks */,
				42F0EE4E1A72711A006509C4 /* Resources */,
			);
			buildRules = (
			);
			dependencies = (
			);
			name = AMColorButton;
			productName = AMColorButton;
			productReference = 42F0EE501A72711A006509C4 /* AMColorButton.app */;
			productType = "com.apple.product-type.application";
		};
		42F0EE651A72711A006509C4 /* AMColorButtonTests */ = {
			isa = PBXNativeTarget;
			buildConfigurationList = 42F0EE731A72711A006509C4 /* Build configuration list for PBXNativeTarget "AMColorButtonTests" */;
			buildPhases = (
				42F0EE621A72711A006509C4 /* Sources */,
				42F0EE631A72711A006509C4 /* Frameworks */,
				42F0EE641A72711A006509C4 /* Resources */,
			);
			buildRules = (
			);
			dependencies = (
				42F0EE681A72711A006509C4 /* PBXTargetDependency */,
			);
			name = AMColorButtonTests;
			productName = AMColorButtonTests;
			productReference = 42F0EE661A72711A006509C4 /* AMColorButtonTests.xctest */;
			productType = "com.apple.product-type.bundle.unit-test";
		};
/* End PBXNativeTarget section */

/* Begin PBXProject section */
		42F0EE481A72711A006509C4 /* Project object */ = {
			isa = PBXProject;
			attributes = {
				LastUpgradeCheck = 0610;
				ORGANIZATIONNAME = anadea;
				TargetAttributes = {
					42F0EE4F1A72711A006509C4 = {
						CreatedOnToolsVersion = 6.1;
					};
					42F0EE651A72711A006509C4 = {
						CreatedOnToolsVersion = 6.1;
						TestTargetID = 42F0EE4F1A72711A006509C4;
					};
				};
			};
			buildConfigurationList = 42F0EE4B1A72711A006509C4 /* Build configuration list for PBXProject "AMColorButton" */;
			compatibilityVersion = "Xcode 3.2";
			developmentRegion = English;
			hasScannedForEncodings = 0;
			knownRegions = (
				en,
				Base,
			);
			mainGroup = 42F0EE471A72711A006509C4;
			productRefGroup = 42F0EE511A72711A006509C4 /* Products */;
			projectDirPath = "";
			projectRoot = "";
			targets = (
				42F0EE4F1A72711A006509C4 /* AMColorButton */,
				42F0EE651A72711A006509C4 /* AMColorButtonTests */,
			);
		};
/* End PBXProject section */

/* Begin PBXResourcesBuildPhase section */
		42F0EE4E1A72711A006509C4 /* Resources */ = {
			isa = PBXResourcesBuildPhase;
			buildActionMask = 2147483647;
			files = (
				42F0EE5E1A72711A006509C4 /* Images.xcassets in Resources */,
				42FEDC2D1A8B8C2000DF3491 /* AMTableRowView.xib in Resources */,
				42FEDC2B1A8B4F1A00DF3491 /* AMTableViewCell.xib in Resources */,
				42F321E71A81186A00F6DC54 /* AMTitleBarViewController.xib in Resources */,
				42F0EE611A72711A006509C4 /* Main.storyboard in Resources */,
			);
			runOnlyForDeploymentPostprocessing = 0;
		};
		42F0EE641A72711A006509C4 /* Resources */ = {
			isa = PBXResourcesBuildPhase;
			buildActionMask = 2147483647;
			files = (
			);
			runOnlyForDeploymentPostprocessing = 0;
		};
/* End PBXResourcesBuildPhase section */

/* Begin PBXSourcesBuildPhase section */
		42F0EE4C1A72711A006509C4 /* Sources */ = {
			isa = PBXSourcesBuildPhase;
			buildActionMask = 2147483647;
			files = (
				42F192B31A7B726C00E93262 /* AMDragButton.m in Sources */,
				42F0EE5C1A72711A006509C4 /* ViewController.m in Sources */,
				42FB1DAD1A7A7EE1009CA1E3 /* AMColorButton.m in Sources */,
				42F0EE591A72711A006509C4 /* main.m in Sources */,
				42F0EE571A72711A006509C4 /* AppDelegate.m in Sources */,
				42FEDC311A8B925100DF3491 /* AMTableCellView.m in Sources */,
				42F321E61A81186A00F6DC54 /* AMTitleBarViewController.m in Sources */,
				42FEDC391A8BA60300DF3491 /* AMTableRowView.m in Sources */,
				42F192AE1A7B721800E93262 /* AMDashBorderedView.m in Sources */,
				42F321E21A81184300F6DC54 /* CustomWindowController.m in Sources */,
				42AFD5061AA8AD8A003E2344 /* AMBorderSelectableRow.m in Sources */,
				6F0183B01A823993005772D8 /* AMColorLine.m in Sources */,
			);
			runOnlyForDeploymentPostprocessing = 0;
		};
		42F0EE621A72711A006509C4 /* Sources */ = {
			isa = PBXSourcesBuildPhase;
			buildActionMask = 2147483647;
			files = (
				42F192B61A7BA74000E93262 /* AMMoveButtonTests.m in Sources */,
				42F0EE6D1A72711A006509C4 /* AMColorButtonTests.m in Sources */,
			);
			runOnlyForDeploymentPostprocessing = 0;
		};
/* End PBXSourcesBuildPhase section */

/* Begin PBXTargetDependency section */
		42F0EE681A72711A006509C4 /* PBXTargetDependency */ = {
			isa = PBXTargetDependency;
			target = 42F0EE4F1A72711A006509C4 /* AMColorButton */;
			targetProxy = 42F0EE671A72711A006509C4 /* PBXContainerItemProxy */;
		};
/* End PBXTargetDependency section */

/* Begin PBXVariantGroup section */
		42F0EE5F1A72711A006509C4 /* Main.storyboard */ = {
			isa = PBXVariantGroup;
			children = (
				42F0EE601A72711A006509C4 /* Base */,
			);
			name = Main.storyboard;
			sourceTree = "<group>";
		};
/* End PBXVariantGroup section */

/* Begin XCBuildConfiguration section */
		42F0EE6E1A72711A006509C4 /* Debug */ = {
			isa = XCBuildConfiguration;
			buildSettings = {
				ALWAYS_SEARCH_USER_PATHS = NO;
				CLANG_CXX_LANGUAGE_STANDARD = "gnu++0x";
				CLANG_CXX_LIBRARY = "libc++";
				CLANG_ENABLE_MODULES = YES;
				CLANG_ENABLE_OBJC_ARC = YES;
				CLANG_WARN_BOOL_CONVERSION = YES;
				CLANG_WARN_CONSTANT_CONVERSION = YES;
				CLANG_WARN_DIRECT_OBJC_ISA_USAGE = YES_ERROR;
				CLANG_WARN_EMPTY_BODY = YES;
				CLANG_WARN_ENUM_CONVERSION = YES;
				CLANG_WARN_INT_CONVERSION = YES;
				CLANG_WARN_OBJC_ROOT_CLASS = YES_ERROR;
				CLANG_WARN_UNREACHABLE_CODE = YES;
				CLANG_WARN__DUPLICATE_METHOD_MATCH = YES;
				CODE_SIGN_IDENTITY = "-";
				COPY_PHASE_STRIP = NO;
				ENABLE_STRICT_OBJC_MSGSEND = YES;
				GCC_C_LANGUAGE_STANDARD = gnu99;
				GCC_DYNAMIC_NO_PIC = NO;
				GCC_OPTIMIZATION_LEVEL = 0;
				GCC_PREPROCESSOR_DEFINITIONS = (
					"DEBUG=1",
					"$(inherited)",
				);
				GCC_SYMBOLS_PRIVATE_EXTERN = NO;
				GCC_WARN_64_TO_32_BIT_CONVERSION = YES;
				GCC_WARN_ABOUT_RETURN_TYPE = YES_ERROR;
				GCC_WARN_UNDECLARED_SELECTOR = YES;
				GCC_WARN_UNINITIALIZED_AUTOS = YES_AGGRESSIVE;
				GCC_WARN_UNUSED_FUNCTION = YES;
				GCC_WARN_UNUSED_VARIABLE = YES;
				MACOSX_DEPLOYMENT_TARGET = 10.9;
				MTL_ENABLE_DEBUG_INFO = YES;
				ONLY_ACTIVE_ARCH = YES;
				SDKROOT = macosx;
			};
			name = Debug;
		};
		42F0EE6F1A72711A006509C4 /* Release */ = {
			isa = XCBuildConfiguration;
			buildSettings = {
				ALWAYS_SEARCH_USER_PATHS = NO;
				CLANG_CXX_LANGUAGE_STANDARD = "gnu++0x";
				CLANG_CXX_LIBRARY = "libc++";
				CLANG_ENABLE_MODULES = YES;
				CLANG_ENABLE_OBJC_ARC = YES;
				CLANG_WARN_BOOL_CONVERSION = YES;
				CLANG_WARN_CONSTANT_CONVERSION = YES;
				CLANG_WARN_DIRECT_OBJC_ISA_USAGE = YES_ERROR;
				CLANG_WARN_EMPTY_BODY = YES;
				CLANG_WARN_ENUM_CONVERSION = YES;
				CLANG_WARN_INT_CONVERSION = YES;
				CLANG_WARN_OBJC_ROOT_CLASS = YES_ERROR;
				CLANG_WARN_UNREACHABLE_CODE = YES;
				CLANG_WARN__DUPLICATE_METHOD_MATCH = YES;
				CODE_SIGN_IDENTITY = "-";
				COPY_PHASE_STRIP = YES;
				DEBUG_INFORMATION_FORMAT = "dwarf-with-dsym";
				ENABLE_NS_ASSERTIONS = NO;
				ENABLE_STRICT_OBJC_MSGSEND = YES;
				GCC_C_LANGUAGE_STANDARD = gnu99;
				GCC_WARN_64_TO_32_BIT_CONVERSION = YES;
				GCC_WARN_ABOUT_RETURN_TYPE = YES_ERROR;
				GCC_WARN_UNDECLARED_SELECTOR = YES;
				GCC_WARN_UNINITIALIZED_AUTOS = YES_AGGRESSIVE;
				GCC_WARN_UNUSED_FUNCTION = YES;
				GCC_WARN_UNUSED_VARIABLE = YES;
				MACOSX_DEPLOYMENT_TARGET = 10.9;
				MTL_ENABLE_DEBUG_INFO = NO;
				SDKROOT = macosx;
			};
			name = Release;
		};
		42F0EE711A72711A006509C4 /* Debug */ = {
			isa = XCBuildConfiguration;
			buildSettings = {
				ASSETCATALOG_COMPILER_APPICON_NAME = AppIcon;
				COMBINE_HIDPI_IMAGES = YES;
				INFOPLIST_FILE = AMColorButton/Info.plist;
				LD_RUNPATH_SEARCH_PATHS = "$(inherited) @executable_path/../Frameworks";
				MACOSX_DEPLOYMENT_TARGET = 10.9;
				PRODUCT_NAME = "$(TARGET_NAME)";
			};
			name = Debug;
		};
		42F0EE721A72711A006509C4 /* Release */ = {
			isa = XCBuildConfiguration;
			buildSettings = {
				ASSETCATALOG_COMPILER_APPICON_NAME = AppIcon;
				COMBINE_HIDPI_IMAGES = YES;
				INFOPLIST_FILE = AMColorButton/Info.plist;
				LD_RUNPATH_SEARCH_PATHS = "$(inherited) @executable_path/../Frameworks";
				MACOSX_DEPLOYMENT_TARGET = 10.9;
				PRODUCT_NAME = "$(TARGET_NAME)";
			};
			name = Release;
		};
		42F0EE741A72711A006509C4 /* Debug */ = {
			isa = XCBuildConfiguration;
			buildSettings = {
				BUNDLE_LOADER = "$(TEST_HOST)";
				COMBINE_HIDPI_IMAGES = YES;
				FRAMEWORK_SEARCH_PATHS = (
					"$(DEVELOPER_FRAMEWORKS_DIR)",
					"$(inherited)",
				);
				GCC_PREPROCESSOR_DEFINITIONS = (
					"DEBUG=1",
					"$(inherited)",
				);
				INFOPLIST_FILE = AMColorButtonTests/Info.plist;
				LD_RUNPATH_SEARCH_PATHS = "$(inherited) @executable_path/../Frameworks @loader_path/../Frameworks";
				PRODUCT_NAME = "$(TARGET_NAME)";
				TEST_HOST = "$(BUILT_PRODUCTS_DIR)/AMColorButton.app/Contents/MacOS/AMColorButton";
			};
			name = Debug;
		};
		42F0EE751A72711A006509C4 /* Release */ = {
			isa = XCBuildConfiguration;
			buildSettings = {
				BUNDLE_LOADER = "$(TEST_HOST)";
				COMBINE_HIDPI_IMAGES = YES;
				FRAMEWORK_SEARCH_PATHS = (
					"$(DEVELOPER_FRAMEWORKS_DIR)",
					"$(inherited)",
				);
				INFOPLIST_FILE = AMColorButtonTests/Info.plist;
				LD_RUNPATH_SEARCH_PATHS = "$(inherited) @executable_path/../Frameworks @loader_path/../Frameworks";
				PRODUCT_NAME = "$(TARGET_NAME)";
				TEST_HOST = "$(BUILT_PRODUCTS_DIR)/AMColorButton.app/Contents/MacOS/AMColorButton";
			};
			name = Release;
		};
/* End XCBuildConfiguration section */

/* Begin XCConfigurationList section */
		42F0EE4B1A72711A006509C4 /* Build configuration list for PBXProject "AMColorButton" */ = {
			isa = XCConfigurationList;
			buildConfigurations = (
				42F0EE6E1A72711A006509C4 /* Debug */,
				42F0EE6F1A72711A006509C4 /* Release */,
			);
			defaultConfigurationIsVisible = 0;
			defaultConfigurationName = Release;
		};
		42F0EE701A72711A006509C4 /* Build configuration list for PBXNativeTarget "AMColorButton" */ = {
			isa = XCConfigurationList;
			buildConfigurations = (
				42F0EE711A72711A006509C4 /* Debug */,
				42F0EE721A72711A006509C4 /* Release */,
			);
			defaultConfigurationIsVisible = 0;
			defaultConfigurationName = Release;
		};
		42F0EE731A72711A006509C4 /* Build configuration list for PBXNativeTarget "AMColorButtonTests" */ = {
			isa = XCConfigurationList;
			buildConfigurations = (
				42F0EE741A72711A006509C4 /* Debug */,
				42F0EE751A72711A006509C4 /* Release */,
			);
			defaultConfigurationIsVisible = 0;
			defaultConfigurationName = Release;
		};
/* End XCConfigurationList section */
	};
	rootObject = 42F0EE481A72711A006509C4 /* Project object */;
}
